PODS:
  - Alamofire (4.6.0)
  - ImageSlideshow (1.4.1):
    - ImageSlideshow/Core (= 1.4.1)
  - ImageSlideshow/Core (1.4.1)
  - SDWebImage (4.2.2):
    - SDWebImage/Core (= 4.2.2)
  - SDWebImage/Core (4.2.2)

DEPENDENCIES:
  - Alamofire (~> 4.5)
  - ImageSlideshow (~> 1.4)
  - SDWebImage (~> 4.0)

SPEC CHECKSUMS:
  Alamofire: f41a599bd63041760b26d393ec1069d9d7b917f4
  ImageSlideshow: 1bb0e610e28a71e8936d57265d882f61714a470b
  SDWebImage: 89a9d32cd520bbb46eb14e541d5109b3564af198

PODFILE CHECKSUM: 3862c9256847af039c8075b020dd6270f823b998

COCOAPODS: 1.3.1
